// !$*UTF8*$!
{
	archiveVersion = 1;
	classes = {
	};
	objectVersion = 50;
	objects = {

/* Begin PBXBuildFile section */
		62CB298F25D8580500C7E0DF /* Application.cpp in Sources */ = {isa = PBXBuildFile; fileRef = 62CB298825D8580500C7E0DF /* Application.cpp */; };
		62CB299025D8580500C7E0DF /* SandboxApp.cpp in Sources */ = {isa = PBXBuildFile; fileRef = 62CB298A25D8580500C7E0DF /* SandboxApp.cpp */; };
		62CB299125D8580500C7E0DF /* log.cpp in Sources */ = {isa = PBXBuildFile; fileRef = 62CB298E25D8580500C7E0DF /* log.cpp */; };
		62CB29A825D85FEF00C7E0DF /* OpenGL.framework in Frameworks */ = {isa = PBXBuildFile; fileRef = 62CB29A725D85FEF00C7E0DF /* OpenGL.framework */; };
		62CB29AA25D8600100C7E0DF /* libglfw.3.3.dylib in Frameworks */ = {isa = PBXBuildFile; fileRef = 62CB29A925D8600100C7E0DF /* libglfw.3.3.dylib */; };
		62CB29AC25D8601400C7E0DF /* libGLEW.2.2.0.dylib in Frameworks */ = {isa = PBXBuildFile; fileRef = 62CB29AB25D8601400C7E0DF /* libGLEW.2.2.0.dylib */; };
/* End PBXBuildFile section */

/* Begin PBXCopyFilesBuildPhase section */
		62CB297725D856E700C7E0DF /* CopyFiles */ = {
			isa = PBXCopyFilesBuildPhase;
			buildActionMask = 2147483647;
			dstPath = /usr/share/man/man1/;
			dstSubfolderSpec = 0;
			files = (
			);
			runOnlyForDeploymentPostprocessing = 1;
		};
/* End PBXCopyFilesBuildPhase section */

/* Begin PBXFileReference section */
		62CB297925D856E700C7E0DF /* HAZEL Xcode */ = {isa = PBXFileReference; explicitFileType = "compiled.mach-o.executable"; includeInIndex = 0; path = "HAZEL Xcode"; sourceTree = BUILT_PRODUCTS_DIR; };
		62CB298425D8580500C7E0DF /* Event.h */ = {isa = PBXFileReference; fileEncoding = 4; lastKnownFileType = sourcecode.c.h; path = Event.h; sourceTree = "<group>"; };
		62CB298525D8580500C7E0DF /* KeyCodes.h */ = {isa = PBXFileReference; fileEncoding = 4; lastKnownFileType = sourcecode.c.h; path = KeyCodes.h; sourceTree = "<group>"; };
		62CB298625D8580500C7E0DF /* MouseEvent.h */ = {isa = PBXFileReference; fileEncoding = 4; lastKnownFileType = sourcecode.c.h; path = MouseEvent.h; sourceTree = "<group>"; };
		62CB298725D8580500C7E0DF /* Application.h */ = {isa = PBXFileReference; fileEncoding = 4; lastKnownFileType = sourcecode.c.h; path = Application.h; sourceTree = "<group>"; };
		62CB298825D8580500C7E0DF /* Application.cpp */ = {isa = PBXFileReference; fileEncoding = 4; lastKnownFileType = sourcecode.cpp.cpp; path = Application.cpp; sourceTree = "<group>"; };
		62CB298925D8580500C7E0DF /* KeyEvent.h */ = {isa = PBXFileReference; fileEncoding = 4; lastKnownFileType = sourcecode.c.h; path = KeyEvent.h; sourceTree = "<group>"; };
		62CB298A25D8580500C7E0DF /* SandboxApp.cpp */ = {isa = PBXFileReference; fileEncoding = 4; lastKnownFileType = sourcecode.cpp.cpp; path = SandboxApp.cpp; sourceTree = "<group>"; };
		62CB298B25D8580500C7E0DF /* ApplicationEvent.h */ = {isa = PBXFileReference; fileEncoding = 4; lastKnownFileType = sourcecode.c.h; path = ApplicationEvent.h; sourceTree = "<group>"; };
		62CB298C25D8580500C7E0DF /* log.h */ = {isa = PBXFileReference; fileEncoding = 4; lastKnownFileType = sourcecode.c.h; path = log.h; sourceTree = "<group>"; };
		62CB298D25D8580500C7E0DF /* MouseCodes.h */ = {isa = PBXFileReference; fileEncoding = 4; lastKnownFileType = sourcecode.c.h; path = MouseCodes.h; sourceTree = "<group>"; };
		62CB298E25D8580500C7E0DF /* log.cpp */ = {isa = PBXFileReference; fileEncoding = 4; lastKnownFileType = sourcecode.cpp.cpp; path = log.cpp; sourceTree = "<group>"; };
		62CB299325D8581000C7E0DF /* spdlog */ = {isa = PBXFileReference; lastKnownFileType = folder; path = spdlog; sourceTree = "<group>"; };
		62CB29A725D85FEF00C7E0DF /* OpenGL.framework */ = {isa = PBXFileReference; lastKnownFileType = wrapper.framework; name = OpenGL.framework; path = System/Library/Frameworks/OpenGL.framework; sourceTree = SDKROOT; };
		62CB29A925D8600100C7E0DF /* libglfw.3.3.dylib */ = {isa = PBXFileReference; lastKnownFileType = "compiled.mach-o.dylib"; name = libglfw.3.3.dylib; path = ../../../../../../../usr/local/Cellar/glfw/3.3.2/lib/libglfw.3.3.dylib; sourceTree = "<group>"; };
		62CB29AB25D8601400C7E0DF /* libGLEW.2.2.0.dylib */ = {isa = PBXFileReference; lastKnownFileType = "compiled.mach-o.dylib"; name = libGLEW.2.2.0.dylib; path = ../../../../../../../usr/local/Cellar/glew/2.2.0_1/lib/libGLEW.2.2.0.dylib; sourceTree = "<group>"; };
/* End PBXFileReference section */

/* Begin PBXFrameworksBuildPhase section */
		62CB297625D856E700C7E0DF /* Frameworks */ = {
			isa = PBXFrameworksBuildPhase;
			buildActionMask = 2147483647;
			files = (
				62CB29AC25D8601400C7E0DF /* libGLEW.2.2.0.dylib in Frameworks */,
				62CB29AA25D8600100C7E0DF /* libglfw.3.3.dylib in Frameworks */,
				62CB29A825D85FEF00C7E0DF /* OpenGL.framework in Frameworks */,
			);
			runOnlyForDeploymentPostprocessing = 0;
		};
/* End PBXFrameworksBuildPhase section */

/* Begin PBXGroup section */
		62CB297025D856E700C7E0DF = {
			isa = PBXGroup;
			children = (
				62CB297B25D856E700C7E0DF /* HAZEL Xcode */,
				62CB297A25D856E700C7E0DF /* Products */,
				62CB29A625D85FEE00C7E0DF /* Frameworks */,
			);
			sourceTree = "<group>";
		};
		62CB297A25D856E700C7E0DF /* Products */ = {
			isa = PBXGroup;
			children = (
				62CB297925D856E700C7E0DF /* HAZEL Xcode */,
			);
			name = Products;
			sourceTree = "<group>";
		};
		62CB297B25D856E700C7E0DF /* HAZEL Xcode */ = {
			isa = PBXGroup;
			children = (
				62CB299325D8581000C7E0DF /* spdlog */,
				62CB298825D8580500C7E0DF /* Application.cpp */,
				62CB298725D8580500C7E0DF /* Application.h */,
				62CB298B25D8580500C7E0DF /* ApplicationEvent.h */,
				62CB298425D8580500C7E0DF /* Event.h */,
				62CB298525D8580500C7E0DF /* KeyCodes.h */,
				62CB298925D8580500C7E0DF /* KeyEvent.h */,
				62CB298E25D8580500C7E0DF /* log.cpp */,
				62CB298C25D8580500C7E0DF /* log.h */,
				62CB298D25D8580500C7E0DF /* MouseCodes.h */,
				62CB298625D8580500C7E0DF /* MouseEvent.h */,
				62CB298A25D8580500C7E0DF /* SandboxApp.cpp */,
			);
			path = "HAZEL Xcode";
			sourceTree = "<group>";
		};
		62CB29A625D85FEE00C7E0DF /* Frameworks */ = {
			isa = PBXGroup;
			children = (
				62CB29AB25D8601400C7E0DF /* libGLEW.2.2.0.dylib */,
				62CB29A925D8600100C7E0DF /* libglfw.3.3.dylib */,
				62CB29A725D85FEF00C7E0DF /* OpenGL.framework */,
			);
			name = Frameworks;
			sourceTree = "<group>";
		};
/* End PBXGroup section */

/* Begin PBXNativeTarget section */
		62CB297825D856E700C7E0DF /* HAZEL Xcode */ = {
			isa = PBXNativeTarget;
			buildConfigurationList = 62CB298025D856E700C7E0DF /* Build configuration list for PBXNativeTarget "HAZEL Xcode" */;
			buildPhases = (
				62CB297525D856E700C7E0DF /* Sources */,
				62CB297625D856E700C7E0DF /* Frameworks */,
				62CB297725D856E700C7E0DF /* CopyFiles */,
			);
			buildRules = (
			);
			dependencies = (
			);
			name = "HAZEL Xcode";
			productName = "HAZEL Xcode";
			productReference = 62CB297925D856E700C7E0DF /* HAZEL Xcode */;
			productType = "com.apple.product-type.tool";
		};
/* End PBXNativeTarget section */

/* Begin PBXProject section */
		62CB297125D856E700C7E0DF /* Project object */ = {
			isa = PBXProject;
			attributes = {
				LastUpgradeCheck = 1240;
				TargetAttributes = {
					62CB297825D856E700C7E0DF = {
						CreatedOnToolsVersion = 12.4;
					};
				};
			};
			buildConfigurationList = 62CB297425D856E700C7E0DF /* Build configuration list for PBXProject "HAZEL Xcode" */;
			compatibilityVersion = "Xcode 9.3";
			developmentRegion = en;
			hasScannedForEncodings = 0;
			knownRegions = (
				en,
				Base,
			);
			mainGroup = 62CB297025D856E700C7E0DF;
			productRefGroup = 62CB297A25D856E700C7E0DF /* Products */;
			projectDirPath = "";
			projectRoot = "";
			targets = (
				62CB297825D856E700C7E0DF /* HAZEL Xcode */,
			);
		};
/* End PBXProject section */

/* Begin PBXSourcesBuildPhase section */
		62CB297525D856E700C7E0DF /* Sources */ = {
			isa = PBXSourcesBuildPhase;
			buildActionMask = 2147483647;
			files = (
				62CB299125D8580500C7E0DF /* log.cpp in Sources */,
				62CB298F25D8580500C7E0DF /* Application.cpp in Sources */,
				62CB299025D8580500C7E0DF /* SandboxApp.cpp in Sources */,
			);
			runOnlyForDeploymentPostprocessing = 0;
		};
/* End PBXSourcesBuildPhase section */

/* Begin XCBuildConfiguration section */
		62CB297E25D856E700C7E0DF /* Debug */ = {
			isa = XCBuildConfiguration;
			buildSettings = {
				ALWAYS_SEARCH_USER_PATHS = NO;
				CLANG_ANALYZER_NONNULL = YES;
				CLANG_ANALYZER_NUMBER_OBJECT_CONVERSION = YES_AGGRESSIVE;
				CLANG_CXX_LANGUAGE_STANDARD = "gnu++14";
				CLANG_CXX_LIBRARY = "libc++";
				CLANG_ENABLE_MODULES = YES;
				CLANG_ENABLE_OBJC_ARC = YES;
				CLANG_ENABLE_OBJC_WEAK = YES;
				CLANG_WARN_BLOCK_CAPTURE_AUTORELEASING = YES;
				CLANG_WARN_BOOL_CONVERSION = YES;
				CLANG_WARN_COMMA = YES;
				CLANG_WARN_CONSTANT_CONVERSION = YES;
				CLANG_WARN_DEPRECATED_OBJC_IMPLEMENTATIONS = YES;
				CLANG_WARN_DIRECT_OBJC_ISA_USAGE = YES_ERROR;
				CLANG_WARN_DOCUMENTATION_COMMENTS = YES;
				CLANG_WARN_EMPTY_BODY = YES;
				CLANG_WARN_ENUM_CONVERSION = YES;
				CLANG_WARN_INFINITE_RECURSION = YES;
				CLANG_WARN_INT_CONVERSION = YES;
				CLANG_WARN_NON_LITERAL_NULL_CONVERSION = YES;
				CLANG_WARN_OBJC_IMPLICIT_RETAIN_SELF = YES;
				CLANG_WARN_OBJC_LITERAL_CONVERSION = YES;
				CLANG_WARN_OBJC_ROOT_CLASS = YES_ERROR;
				CLANG_WARN_QUOTED_INCLUDE_IN_FRAMEWORK_HEADER = YES;
				CLANG_WARN_RANGE_LOOP_ANALYSIS = YES;
				CLANG_WARN_STRICT_PROTOTYPES = YES;
				CLANG_WARN_SUSPICIOUS_MOVE = YES;
				CLANG_WARN_UNGUARDED_AVAILABILITY = YES_AGGRESSIVE;
				CLANG_WARN_UNREACHABLE_CODE = YES;
				CLANG_WARN__DUPLICATE_METHOD_MATCH = YES;
				COPY_PHASE_STRIP = NO;
				DEBUG_INFORMATION_FORMAT = dwarf;
				ENABLE_STRICT_OBJC_MSGSEND = YES;
				ENABLE_TESTABILITY = YES;
				GCC_C_LANGUAGE_STANDARD = gnu11;
				GCC_DYNAMIC_NO_PIC = NO;
				GCC_NO_COMMON_BLOCKS = YES;
				GCC_OPTIMIZATION_LEVEL = 0;
				GCC_PREPROCESSOR_DEFINITIONS = (
					"DEBUG=1",
					"$(inherited)",
				);
				GCC_WARN_64_TO_32_BIT_CONVERSION = YES;
				GCC_WARN_ABOUT_RETURN_TYPE = YES_ERROR;
				GCC_WARN_UNDECLARED_SELECTOR = YES;
				GCC_WARN_UNINITIALIZED_AUTOS = YES_AGGRESSIVE;
				GCC_WARN_UNUSED_FUNCTION = YES;
				GCC_WARN_UNUSED_VARIABLE = YES;
				HEADER_SEARCH_PATHS = /usr/local/include;
				MACOSX_DEPLOYMENT_TARGET = 10.15;
				MTL_ENABLE_DEBUG_INFO = INCLUDE_SOURCE;
				MTL_FAST_MATH = YES;
				ONLY_ACTIVE_ARCH = YES;
				SDKROOT = macosx;
				USER_HEADER_SEARCH_PATHS = "\"$(SRCROOT)/HAZEL Xcode/spdlog/include\"";
			};
			name = Debug;
		};
		62CB297F25D856E700C7E0DF /* Release */ = {
			isa = XCBuildConfiguration;
			buildSettings = {
				ALWAYS_SEARCH_USER_PATHS = NO;
				CLANG_ANALYZER_NONNULL = YES;
				CLANG_ANALYZER_NUMBER_OBJECT_CONVERSION = YES_AGGRESSIVE;
				CLANG_CXX_LANGUAGE_STANDARD = "gnu++14";
				CLANG_CXX_LIBRARY = "libc++";
				CLANG_ENABLE_MODULES = YES;
				CLANG_ENABLE_OBJC_ARC = YES;
				CLANG_ENABLE_OBJC_WEAK = YES;
				CLANG_WARN_BLOCK_CAPTURE_AUTORELEASING = YES;
				CLANG_WARN_BOOL_CONVERSION = YES;
				CLANG_WARN_COMMA = YES;
				CLANG_WARN_CONSTANT_CONVERSION = YES;
				CLANG_WARN_DEPRECATED_OBJC_IMPLEMENTATIONS = YES;
				CLANG_WARN_DIRECT_OBJC_ISA_USAGE = YES_ERROR;
				CLANG_WARN_DOCUMENTATION_COMMENTS = YES;
				CLANG_WARN_EMPTY_BODY = YES;
				CLANG_WARN_ENUM_CONVERSION = YES;
				CLANG_WARN_INFINITE_RECURSION = YES;
				CLANG_WARN_INT_CONVERSION = YES;
				CLANG_WARN_NON_LITERAL_NULL_CONVERSION = YES;
				CLANG_WARN_OBJC_IMPLICIT_RETAIN_SELF = YES;
				CLANG_WARN_OBJC_LITERAL_CONVERSION = YES;
				CLANG_WARN_OBJC_ROOT_CLASS = YES_ERROR;
				CLANG_WARN_QUOTED_INCLUDE_IN_FRAMEWORK_HEADER = YES;
				CLANG_WARN_RANGE_LOOP_ANALYSIS = YES;
				CLANG_WARN_STRICT_PROTOTYPES = YES;
				CLANG_WARN_SUSPICIOUS_MOVE = YES;
				CLANG_WARN_UNGUARDED_AVAILABILITY = YES_AGGRESSIVE;
				CLANG_WARN_UNREACHABLE_CODE = YES;
				CLANG_WARN__DUPLICATE_METHOD_MATCH = YES;
				COPY_PHASE_STRIP = NO;
				DEBUG_INFORMATION_FORMAT = "dwarf-with-dsym";
				ENABLE_NS_ASSERTIONS = NO;
				ENABLE_STRICT_OBJC_MSGSEND = YES;
				GCC_C_LANGUAGE_STANDARD = gnu11;
				GCC_NO_COMMON_BLOCKS = YES;
				GCC_WARN_64_TO_32_BIT_CONVERSION = YES;
				GCC_WARN_ABOUT_RETURN_TYPE = YES_ERROR;
				GCC_WARN_UNDECLARED_SELECTOR = YES;
				GCC_WARN_UNINITIALIZED_AUTOS = YES_AGGRESSIVE;
				GCC_WARN_UNUSED_FUNCTION = YES;
				GCC_WARN_UNUSED_VARIABLE = YES;
				HEADER_SEARCH_PATHS = /usr/local/include;
				MACOSX_DEPLOYMENT_TARGET = 10.15;
				MTL_ENABLE_DEBUG_INFO = NO;
				MTL_FAST_MATH = YES;
				SDKROOT = macosx;
				USER_HEADER_SEARCH_PATHS = "\"$(SRCROOT)/HAZEL Xcode/spdlog/include\"";
			};
			name = Release;
		};
		62CB298125D856E700C7E0DF /* Debug */ = {
			isa = XCBuildConfiguration;
			buildSettings = {
				ALWAYS_SEARCH_USER_PATHS = YES;
				CODE_SIGN_STYLE = Automatic;
				LIBRARY_SEARCH_PATHS = (
					"$(inherited)",
					/usr/local/Cellar/glfw/3.3.2/lib,
					/usr/local/Cellar/glew/2.2.0_1/lib,
				);
				PRODUCT_NAME = "$(TARGET_NAME)";
				USER_HEADER_SEARCH_PATHS = "\"$(SRCROOT)/HAZEL Xcode/spdlog/include/\"";
			};
			name = Debug;
		};
		62CB298225D856E700C7E0DF /* Release */ = {
			isa = XCBuildConfiguration;
			buildSettings = {
				ALWAYS_SEARCH_USER_PATHS = YES;
				CODE_SIGN_STYLE = Automatic;
				LIBRARY_SEARCH_PATHS = (
					"$(inherited)",
					/usr/local/Cellar/glfw/3.3.2/lib,
					/usr/local/Cellar/glew/2.2.0_1/lib,
				);
				PRODUCT_NAME = "$(TARGET_NAME)";
				USER_HEADER_SEARCH_PATHS = "\"$(SRCROOT)/HAZEL Xcode/spdlog/include/\"";
			};
			name = Release;
		};
/* End XCBuildConfiguration section */

/* Begin XCConfigurationList section */
		62CB297425D856E700C7E0DF /* Build configuration list for PBXProject "HAZEL Xcode" */ = {
			isa = XCConfigurationList;
			buildConfigurations = (
				62CB297E25D856E700C7E0DF /* Debug */,
				62CB297F25D856E700C7E0DF /* Release */,
			);
			defaultConfigurationIsVisible = 0;
			defaultConfigurationName = Release;
		};
		62CB298025D856E700C7E0DF /* Build configuration list for PBXNativeTarget "HAZEL Xcode" */ = {
			isa = XCConfigurationList;
			buildConfigurations = (
				62CB298125D856E700C7E0DF /* Debug */,
				62CB298225D856E700C7E0DF /* Release */,
			);
			defaultConfigurationIsVisible = 0;
			defaultConfigurationName = Release;
		};
/* End XCConfigurationList section */
	};
	rootObject = 62CB297125D856E700C7E0DF /* Project object */;
}
